
Microsoft Visual Studio Solution File, Format Version 12.00
# Visual Studio Version 17
VisualStudioVersion = 17.2.32505.173
MinimumVisualStudioVersion = 10.0.40219.1
Project("{9A19103F-16F7-4668-BE54-9A1E7A4F7556}") = "Enigma.Frontend.Ui", "Enigma.Frontend\Enigma.Frontend.Ui.csproj", "{CA39B2B5-44BD-4822-ABEE-AD413485B27D}"
EndProject
Project("{9A19103F-16F7-4668-BE54-9A1E7A4F7556}") = "Enigma.Test", "Enigma.Test\Enigma.Test.csproj", "{3CEAA68B-B316-4DA4-9125-0D75051057DE}"
EndProject
Project("{9A19103F-16F7-4668-BE54-9A1E7A4F7556}") = "Enigma.Domain", "Enigma.Domain\Enigma.Domain.csproj", "{B9ABB75A-30D1-474E-9ECD-29F5EE6E2F14}"
EndProject
Project("{9A19103F-16F7-4668-BE54-9A1E7A4F7556}") = "Enigma.Api", "Enigma.Api\Enigma.Api.csproj", "{096413C4-7AFA-4CF2-9A2C-433D8AACEFE3}"
EndProject
Project("{9A19103F-16F7-4668-BE54-9A1E7A4F7556}") = "Enigma.Facades", "Enigma.Core.Facades\Enigma.Facades.csproj", "{01E1C88C-786A-4D19-80DB-128F846C554C}"
EndProject
Project("{9A19103F-16F7-4668-BE54-9A1E7A4F7556}") = "Enigma.Core", "Enigma.Core\Enigma.Core.csproj", "{8F9B3CF9-98AE-4311-9EFC-1698EE80610C}"
EndProject
Global
	GlobalSection(SolutionConfigurationPlatforms) = preSolution
		Debug|Any CPU = Debug|Any CPU
		Release|Any CPU = Release|Any CPU
	EndGlobalSection
	GlobalSection(ProjectConfigurationPlatforms) = postSolution
		{CA39B2B5-44BD-4822-ABEE-AD413485B27D}.Debug|Any CPU.ActiveCfg = Debug|Any CPU
		{CA39B2B5-44BD-4822-ABEE-AD413485B27D}.Debug|Any CPU.Build.0 = Debug|Any CPU
		{CA39B2B5-44BD-4822-ABEE-AD413485B27D}.Release|Any CPU.ActiveCfg = Release|Any CPU
		{CA39B2B5-44BD-4822-ABEE-AD413485B27D}.Release|Any CPU.Build.0 = Release|Any CPU
		{3CEAA68B-B316-4DA4-9125-0D75051057DE}.Debug|Any CPU.ActiveCfg = Debug|Any CPU
		{3CEAA68B-B316-4DA4-9125-0D75051057DE}.Debug|Any CPU.Build.0 = Debug|Any CPU
		{3CEAA68B-B316-4DA4-9125-0D75051057DE}.Release|Any CPU.ActiveCfg = Release|Any CPU
		{3CEAA68B-B316-4DA4-9125-0D75051057DE}.Release|Any CPU.Build.0 = Release|Any CPU
		{B9ABB75A-30D1-474E-9ECD-29F5EE6E2F14}.Debug|Any CPU.ActiveCfg = Debug|Any CPU
		{B9ABB75A-30D1-474E-9ECD-29F5EE6E2F14}.Debug|Any CPU.Build.0 = Debug|Any CPU
		{B9ABB75A-30D1-474E-9ECD-29F5EE6E2F14}.Release|Any CPU.ActiveCfg = Release|Any CPU
		{B9ABB75A-30D1-474E-9ECD-29F5EE6E2F14}.Release|Any CPU.Build.0 = Release|Any CPU
		{096413C4-7AFA-4CF2-9A2C-433D8AACEFE3}.Debug|Any CPU.ActiveCfg = Debug|Any CPU
		{096413C4-7AFA-4CF2-9A2C-433D8AACEFE3}.Debug|Any CPU.Build.0 = Debug|Any CPU
		{096413C4-7AFA-4CF2-9A2C-433D8AACEFE3}.Release|Any CPU.ActiveCfg = Release|Any CPU
		{096413C4-7AFA-4CF2-9A2C-433D8AACEFE3}.Release|Any CPU.Build.0 = Release|Any CPU
		{01E1C88C-786A-4D19-80DB-128F846C554C}.Debug|Any CPU.ActiveCfg = Debug|Any CPU
		{01E1C88C-786A-4D19-80DB-128F846C554C}.Debug|Any CPU.Build.0 = Debug|Any CPU
		{01E1C88C-786A-4D19-80DB-128F846C554C}.Release|Any CPU.ActiveCfg = Release|Any CPU
		{01E1C88C-786A-4D19-80DB-128F846C554C}.Release|Any CPU.Build.0 = Release|Any CPU
		{8F9B3CF9-98AE-4311-9EFC-1698EE80610C}.Debug|Any CPU.ActiveCfg = Debug|Any CPU
		{8F9B3CF9-98AE-4311-9EFC-1698EE80610C}.Debug|Any CPU.Build.0 = Debug|Any CPU
		{8F9B3CF9-98AE-4311-9EFC-1698EE80610C}.Release|Any CPU.ActiveCfg = Release|Any CPU
		{8F9B3CF9-98AE-4311-9EFC-1698EE80610C}.Release|Any CPU.Build.0 = Release|Any CPU
	EndGlobalSection
	GlobalSection(SolutionProperties) = preSolution
		HideSolutionNode = FALSE
	EndGlobalSection
	GlobalSection(ExtensibilityGlobals) = postSolution
		SolutionGuid = {3023A7E3-38B8-44CD-8DA9-431EC677667B}
	EndGlobalSection
EndGlobal
